
Microsoft Visual Studio Solution File, Format Version 12.00
# Visual Studio Version 16
VisualStudioVersion = 16.0.31424.327
MinimumVisualStudioVersion = 10.0.40219.1
Project("{2150E333-8FDC-42A3-9474-1A3956D46DE8}") = "Presentation", "Presentation", "{6515CFBC-59CA-4693-9005-75E02A21C934}"
EndProject
Project("{2150E333-8FDC-42A3-9474-1A3956D46DE8}") = "API", "API", "{3BF0B4AD-FDC3-4B7A-B278-6145D20030EA}"
EndProject
Project("{2150E333-8FDC-42A3-9474-1A3956D46DE8}") = "Mobile", "Mobile", "{08DF1B74-AADD-48C8-B094-811CEECB2E8C}"
EndProject
Project("{2150E333-8FDC-42A3-9474-1A3956D46DE8}") = "Web", "Web", "{74F8248B-D0C0-456A-9C4A-9934E9242AF2}"
EndProject
Project("{2150E333-8FDC-42A3-9474-1A3956D46DE8}") = "Desktop", "Desktop", "{BBAAE60F-F532-48B0-9AA4-082F3FD3D125}"
EndProject
Project("{2150E333-8FDC-42A3-9474-1A3956D46DE8}") = "Persistance", "Persistance", "{7B89CDD5-9E4F-4CF1-AA90-41138219D5CE}"
EndProject
Project("{2150E333-8FDC-42A3-9474-1A3956D46DE8}") = "Dapper", "Dapper", "{F19257A3-8AFC-4819-93BD-BAE0A8214A19}"
EndProject
Project("{2150E333-8FDC-42A3-9474-1A3956D46DE8}") = "EFCore", "EFCore", "{5DE248FF-7057-44DB-96BD-AA15148DAB6D}"
EndProject
Project("{2150E333-8FDC-42A3-9474-1A3956D46DE8}") = "MongoDb", "MongoDb", "{3B8E9DED-6D93-4E16-9BBA-DCE1EF72D911}"
EndProject
Project("{2150E333-8FDC-42A3-9474-1A3956D46DE8}") = "Domain", "Domain", "{C60D71E3-3F11-49A1-AA59-B6EA5261D1F4}"
EndProject
Project("{2150E333-8FDC-42A3-9474-1A3956D46DE8}") = "Application", "Application", "{72D38A5C-717F-4AC5-A8A1-67CF5903D9FF}"
EndProject
Project("{9A19103F-16F7-4668-BE54-9A1E7A4F7556}") = "NbuyGetir.Application", "NbuyGetir.Application\NbuyGetir.Application.csproj", "{9DF7420A-F66C-4D9B-A833-C7B0F83031B0}"
EndProject
Project("{9A19103F-16F7-4668-BE54-9A1E7A4F7556}") = "NbuyGetir.Domain", "NbuyGetir.Domain\NbuyGetir.Domain.csproj", "{CC9E7A31-9533-4702-97A4-313DBEB679F8}"
EndProject
Project("{2150E333-8FDC-42A3-9474-1A3956D46DE8}") = "Infrastructure", "Infrastructure", "{E90A9431-7DD8-40CF-890A-56F12B970007}"
EndProject
Project("{9A19103F-16F7-4668-BE54-9A1E7A4F7556}") = "NbuyGetir.Infrastructure", "NbuyGetir.Infrastructure\NbuyGetir.Infrastructure.csproj", "{3F4938FE-4587-429D-A3B7-1FFFFAF000DD}"
EndProject
Project("{9A19103F-16F7-4668-BE54-9A1E7A4F7556}") = "NbuyGetir.Core", "NbuyGetir.Core\NbuyGetir.Core.csproj", "{B5A7F749-ACFE-4ACD-A563-66630AB76080}"
EndProject
Project("{9A19103F-16F7-4668-BE54-9A1E7A4F7556}") = "NbuyGetir.EFCore", "NbuyGetir.EFCore\NbuyGetir.EFCore.csproj", "{45B55CA7-27C2-4089-AB7B-97A0E3598BB6}"
EndProject
Project("{FAE04EC0-301F-11D3-BF4B-00C04F79EFBC}") = "NbuyGetir.Common", "NbuyGetir.Common\NbuyGetir.Common.csproj", "{CB35808A-BD60-4E2C-AC35-8DAEE368A624}"
EndProject
Global
	GlobalSection(SolutionConfigurationPlatforms) = preSolution
		Debug|Any CPU = Debug|Any CPU
		Release|Any CPU = Release|Any CPU
	EndGlobalSection
	GlobalSection(ProjectConfigurationPlatforms) = postSolution
		{9DF7420A-F66C-4D9B-A833-C7B0F83031B0}.Debug|Any CPU.ActiveCfg = Debug|Any CPU
		{9DF7420A-F66C-4D9B-A833-C7B0F83031B0}.Debug|Any CPU.Build.0 = Debug|Any CPU
		{9DF7420A-F66C-4D9B-A833-C7B0F83031B0}.Release|Any CPU.ActiveCfg = Release|Any CPU
		{9DF7420A-F66C-4D9B-A833-C7B0F83031B0}.Release|Any CPU.Build.0 = Release|Any CPU
		{CC9E7A31-9533-4702-97A4-313DBEB679F8}.Debug|Any CPU.ActiveCfg = Debug|Any CPU
		{CC9E7A31-9533-4702-97A4-313DBEB679F8}.Debug|Any CPU.Build.0 = Debug|Any CPU
		{CC9E7A31-9533-4702-97A4-313DBEB679F8}.Release|Any CPU.ActiveCfg = Release|Any CPU
		{CC9E7A31-9533-4702-97A4-313DBEB679F8}.Release|Any CPU.Build.0 = Release|Any CPU
		{3F4938FE-4587-429D-A3B7-1FFFFAF000DD}.Debug|Any CPU.ActiveCfg = Debug|Any CPU
		{3F4938FE-4587-429D-A3B7-1FFFFAF000DD}.Debug|Any CPU.Build.0 = Debug|Any CPU
		{3F4938FE-4587-429D-A3B7-1FFFFAF000DD}.Release|Any CPU.ActiveCfg = Release|Any CPU
		{3F4938FE-4587-429D-A3B7-1FFFFAF000DD}.Release|Any CPU.Build.0 = Release|Any CPU
		{B5A7F749-ACFE-4ACD-A563-66630AB76080}.Debug|Any CPU.ActiveCfg = Debug|Any CPU
		{B5A7F749-ACFE-4ACD-A563-66630AB76080}.Debug|Any CPU.Build.0 = Debug|Any CPU
		{B5A7F749-ACFE-4ACD-A563-66630AB76080}.Release|Any CPU.ActiveCfg = Release|Any CPU
		{B5A7F749-ACFE-4ACD-A563-66630AB76080}.Release|Any CPU.Build.0 = Release|Any CPU
		{45B55CA7-27C2-4089-AB7B-97A0E3598BB6}.Debug|Any CPU.ActiveCfg = Debug|Any CPU
		{45B55CA7-27C2-4089-AB7B-97A0E3598BB6}.Debug|Any CPU.Build.0 = Debug|Any CPU
		{45B55CA7-27C2-4089-AB7B-97A0E3598BB6}.Release|Any CPU.ActiveCfg = Release|Any CPU
		{45B55CA7-27C2-4089-AB7B-97A0E3598BB6}.Release|Any CPU.Build.0 = Release|Any CPU
		{CB35808A-BD60-4E2C-AC35-8DAEE368A624}.Debug|Any CPU.ActiveCfg = Debug|Any CPU
		{CB35808A-BD60-4E2C-AC35-8DAEE368A624}.Debug|Any CPU.Build.0 = Debug|Any CPU
		{CB35808A-BD60-4E2C-AC35-8DAEE368A624}.Release|Any CPU.ActiveCfg = Release|Any CPU
		{CB35808A-BD60-4E2C-AC35-8DAEE368A624}.Release|Any CPU.Build.0 = Release|Any CPU
	EndGlobalSection
	GlobalSection(SolutionProperties) = preSolution
		HideSolutionNode = FALSE
	EndGlobalSection
	GlobalSection(NestedProjects) = preSolution
		{3BF0B4AD-FDC3-4B7A-B278-6145D20030EA} = {6515CFBC-59CA-4693-9005-75E02A21C934}
		{08DF1B74-AADD-48C8-B094-811CEECB2E8C} = {6515CFBC-59CA-4693-9005-75E02A21C934}
		{74F8248B-D0C0-456A-9C4A-9934E9242AF2} = {6515CFBC-59CA-4693-9005-75E02A21C934}
		{BBAAE60F-F532-48B0-9AA4-082F3FD3D125} = {6515CFBC-59CA-4693-9005-75E02A21C934}
		{F19257A3-8AFC-4819-93BD-BAE0A8214A19} = {7B89CDD5-9E4F-4CF1-AA90-41138219D5CE}
		{5DE248FF-7057-44DB-96BD-AA15148DAB6D} = {7B89CDD5-9E4F-4CF1-AA90-41138219D5CE}
		{3B8E9DED-6D93-4E16-9BBA-DCE1EF72D911} = {7B89CDD5-9E4F-4CF1-AA90-41138219D5CE}
		{9DF7420A-F66C-4D9B-A833-C7B0F83031B0} = {72D38A5C-717F-4AC5-A8A1-67CF5903D9FF}
		{CC9E7A31-9533-4702-97A4-313DBEB679F8} = {C60D71E3-3F11-49A1-AA59-B6EA5261D1F4}
		{3F4938FE-4587-429D-A3B7-1FFFFAF000DD} = {E90A9431-7DD8-40CF-890A-56F12B970007}
		{45B55CA7-27C2-4089-AB7B-97A0E3598BB6} = {5DE248FF-7057-44DB-96BD-AA15148DAB6D}
	EndGlobalSection
	GlobalSection(ExtensibilityGlobals) = postSolution
		SolutionGuid = {358C06C6-50AB-4635-A2B9-A8B77FC802BC}
	EndGlobalSection
EndGlobal
